// !$*UTF8*$!
{
	archiveVersion = 1;
	classes = {
	};
	objectVersion = 56;
	objects = {

/* Begin PBXBuildFile section */
		0FCCAFAA2C391BEB00F7D183 /* TempleDiagnosticsApp.swift in Sources */ = {isa = PBXBuildFile; fileRef = 0FCCAFA92C391BEB00F7D183 /* TempleDiagnosticsApp.swift */; };
		0FCCAFAC2C391BEB00F7D183 /* ContentView.swift in Sources */ = {isa = PBXBuildFile; fileRef = 0FCCAFAB2C391BEB00F7D183 /* ContentView.swift */; };
		0FCCAFAE2C391BF000F7D183 /* Assets.xcassets in Resources */ = {isa = PBXBuildFile; fileRef = 0FCCAFAD2C391BF000F7D183 /* Assets.xcassets */; };
		0FCCAFB12C391BF000F7D183 /* Preview Assets.xcassets in Resources */ = {isa = PBXBuildFile; fileRef = 0FCCAFB02C391BF000F7D183 /* Preview Assets.xcassets */; };
		0FCCAFB82C391C3F00F7D183 /* CameraController.swift in Sources */ = {isa = PBXBuildFile; fileRef = 0FCCAFB72C391C3F00F7D183 /* CameraController.swift */; };
		0FCCAFBA2C391C6600F7D183 /* CameraControllerDelegate.swift in Sources */ = {isa = PBXBuildFile; fileRef = 0FCCAFB92C391C6600F7D183 /* CameraControllerDelegate.swift */; };
		0FCCAFBC2C391C8C00F7D183 /* CameraOverlayView.swift in Sources */ = {isa = PBXBuildFile; fileRef = 0FCCAFBB2C391C8C00F7D183 /* CameraOverlayView.swift */; };
		0FCCAFBE2C391CAB00F7D183 /* CameraView.swift in Sources */ = {isa = PBXBuildFile; fileRef = 0FCCAFBD2C391CAB00F7D183 /* CameraView.swift */; };
		0FCCAFC02C391CD500F7D183 /* DietReccomendation.swift in Sources */ = {isa = PBXBuildFile; fileRef = 0FCCAFBF2C391CD500F7D183 /* DietReccomendation.swift */; };
		0FCCAFC22C391CF200F7D183 /* FileManagerHelper.swift in Sources */ = {isa = PBXBuildFile; fileRef = 0FCCAFC12C391CF200F7D183 /* FileManagerHelper.swift */; };
		0FCCAFC42C391D1A00F7D183 /* JSONTestView.swift in Sources */ = {isa = PBXBuildFile; fileRef = 0FCCAFC32C391D1A00F7D183 /* JSONTestView.swift */; };
		0FCCAFC62C391D3400F7D183 /* MenuController.swift in Sources */ = {isa = PBXBuildFile; fileRef = 0FCCAFC52C391D3400F7D183 /* MenuController.swift */; };
		0FCCAFC82C391D4F00F7D183 /* OverlayManager.swift in Sources */ = {isa = PBXBuildFile; fileRef = 0FCCAFC72C391D4F00F7D183 /* OverlayManager.swift */; };
		0FCCAFCA2C391D6800F7D183 /* OverlayView.swift in Sources */ = {isa = PBXBuildFile; fileRef = 0FCCAFC92C391D6800F7D183 /* OverlayView.swift */; };
		0FCCAFCC2C391D8900F7D183 /* StringSimilarity.swift in Sources */ = {isa = PBXBuildFile; fileRef = 0FCCAFCB2C391D8900F7D183 /* StringSimilarity.swift */; };
		0FCCAFCE2C391DA500F7D183 /* TextRecognitionManager.swift in Sources */ = {isa = PBXBuildFile; fileRef = 0FCCAFCD2C391DA500F7D183 /* TextRecognitionManager.swift */; };
		0FCCAFD02C391DBB00F7D183 /* UserPreferences.swift in Sources */ = {isa = PBXBuildFile; fileRef = 0FCCAFCF2C391DBB00F7D183 /* UserPreferences.swift */; };
		0FCCAFD22C391DD800F7D183 /* Models.swift in Sources */ = {isa = PBXBuildFile; fileRef = 0FCCAFD12C391DD800F7D183 /* Models.swift */; };
		0FCCAFD62C391E7700F7D183 /* FoundationalFoodData.json in Resources */ = {isa = PBXBuildFile; fileRef = 0FCCAFD52C391E7700F7D183 /* FoundationalFoodData.json */; };
/* End PBXBuildFile section */

/* Begin PBXFileReference section */
		0FCCAFA62C391BEB00F7D183 /* TempleDiagnostics.app */ = {isa = PBXFileReference; explicitFileType = wrapper.application; includeInIndex = 0; path = TempleDiagnostics.app; sourceTree = BUILT_PRODUCTS_DIR; };
		0FCCAFA92C391BEB00F7D183 /* TempleDiagnosticsApp.swift */ = {isa = PBXFileReference; lastKnownFileType = sourcecode.swift; path = TempleDiagnosticsApp.swift; sourceTree = "<group>"; };
		0FCCAFAB2C391BEB00F7D183 /* ContentView.swift */ = {isa = PBXFileReference; lastKnownFileType = sourcecode.swift; path = ContentView.swift; sourceTree = "<group>"; };
		0FCCAFAD2C391BF000F7D183 /* Assets.xcassets */ = {isa = PBXFileReference; lastKnownFileType = folder.assetcatalog; path = Assets.xcassets; sourceTree = "<group>"; };
		0FCCAFB02C391BF000F7D183 /* Preview Assets.xcassets */ = {isa = PBXFileReference; lastKnownFileType = folder.assetcatalog; path = "Preview Assets.xcassets"; sourceTree = "<group>"; };
		0FCCAFB72C391C3F00F7D183 /* CameraController.swift */ = {isa = PBXFileReference; lastKnownFileType = sourcecode.swift; path = CameraController.swift; sourceTree = "<group>"; };
		0FCCAFB92C391C6600F7D183 /* CameraControllerDelegate.swift */ = {isa = PBXFileReference; lastKnownFileType = sourcecode.swift; path = CameraControllerDelegate.swift; sourceTree = "<group>"; };
		0FCCAFBB2C391C8C00F7D183 /* CameraOverlayView.swift */ = {isa = PBXFileReference; lastKnownFileType = sourcecode.swift; path = CameraOverlayView.swift; sourceTree = "<group>"; };
		0FCCAFBD2C391CAB00F7D183 /* CameraView.swift */ = {isa = PBXFileReference; lastKnownFileType = sourcecode.swift; path = CameraView.swift; sourceTree = "<group>"; };
		0FCCAFBF2C391CD500F7D183 /* DietReccomendation.swift */ = {isa = PBXFileReference; lastKnownFileType = sourcecode.swift; path = DietReccomendation.swift; sourceTree = "<group>"; };
		0FCCAFC12C391CF200F7D183 /* FileManagerHelper.swift */ = {isa = PBXFileReference; lastKnownFileType = sourcecode.swift; path = FileManagerHelper.swift; sourceTree = "<group>"; };
		0FCCAFC32C391D1A00F7D183 /* JSONTestView.swift */ = {isa = PBXFileReference; lastKnownFileType = sourcecode.swift; path = JSONTestView.swift; sourceTree = "<group>"; };
		0FCCAFC52C391D3400F7D183 /* MenuController.swift */ = {isa = PBXFileReference; lastKnownFileType = sourcecode.swift; path = MenuController.swift; sourceTree = "<group>"; };
		0FCCAFC72C391D4F00F7D183 /* OverlayManager.swift */ = {isa = PBXFileReference; lastKnownFileType = sourcecode.swift; path = OverlayManager.swift; sourceTree = "<group>"; };
		0FCCAFC92C391D6800F7D183 /* OverlayView.swift */ = {isa = PBXFileReference; lastKnownFileType = sourcecode.swift; path = OverlayView.swift; sourceTree = "<group>"; };
		0FCCAFCB2C391D8900F7D183 /* StringSimilarity.swift */ = {isa = PBXFileReference; lastKnownFileType = sourcecode.swift; path = StringSimilarity.swift; sourceTree = "<group>"; };
		0FCCAFCD2C391DA500F7D183 /* TextRecognitionManager.swift */ = {isa = PBXFileReference; lastKnownFileType = sourcecode.swift; path = TextRecognitionManager.swift; sourceTree = "<group>"; };
		0FCCAFCF2C391DBB00F7D183 /* UserPreferences.swift */ = {isa = PBXFileReference; lastKnownFileType = sourcecode.swift; path = UserPreferences.swift; sourceTree = "<group>"; };
		0FCCAFD12C391DD800F7D183 /* Models.swift */ = {isa = PBXFileReference; lastKnownFileType = sourcecode.swift; path = Models.swift; sourceTree = "<group>"; };
		0FCCAFD52C391E7700F7D183 /* FoundationalFoodData.json */ = {isa = PBXFileReference; fileEncoding = 4; lastKnownFileType = text.json; name = FoundationalFoodData.json; path = ../../../Downloads/FoundationalFoodData.json; sourceTree = "<group>"; };
/* End PBXFileReference section */

/* Begin PBXFrameworksBuildPhase section */
		0FCCAFA32C391BEB00F7D183 /* Frameworks */ = {
			isa = PBXFrameworksBuildPhase;
			buildActionMask = 2147483647;
			files = (
			);
			runOnlyForDeploymentPostprocessing = 0;
		};
/* End PBXFrameworksBuildPhase section */

/* Begin PBXGroup section */
		0FCCAF9D2C391BEB00F7D183 = {
			isa = PBXGroup;
			children = (
				0FCCAFA82C391BEB00F7D183 /* TempleDiagnostics */,
				0FCCAFA72C391BEB00F7D183 /* Products */,
			);
			sourceTree = "<group>";
		};
		0FCCAFA72C391BEB00F7D183 /* Products */ = {
			isa = PBXGroup;
			children = (
				0FCCAFA62C391BEB00F7D183 /* TempleDiagnostics.app */,
			);
			name = Products;
			sourceTree = "<group>";
		};
		0FCCAFA82C391BEB00F7D183 /* TempleDiagnostics */ = {
			isa = PBXGroup;
			children = (
				0FCCAFA92C391BEB00F7D183 /* TempleDiagnosticsApp.swift */,
				0FCCAFAB2C391BEB00F7D183 /* ContentView.swift */,
				0FCCAFB72C391C3F00F7D183 /* CameraController.swift */,
				0FCCAFB92C391C6600F7D183 /* CameraControllerDelegate.swift */,
				0FCCAFBB2C391C8C00F7D183 /* CameraOverlayView.swift */,
				0FCCAFBD2C391CAB00F7D183 /* CameraView.swift */,
				0FCCAFBF2C391CD500F7D183 /* DietReccomendation.swift */,
				0FCCAFC12C391CF200F7D183 /* FileManagerHelper.swift */,
				0FCCAFC32C391D1A00F7D183 /* JSONTestView.swift */,
				0FCCAFC52C391D3400F7D183 /* MenuController.swift */,
				0FCCAFC72C391D4F00F7D183 /* OverlayManager.swift */,
				0FCCAFC92C391D6800F7D183 /* OverlayView.swift */,
				0FCCAFCB2C391D8900F7D183 /* StringSimilarity.swift */,
				0FCCAFCD2C391DA500F7D183 /* TextRecognitionManager.swift */,
				0FCCAFCF2C391DBB00F7D183 /* UserPreferences.swift */,
				0FCCAFD12C391DD800F7D183 /* Models.swift */,
				0FCCAFD52C391E7700F7D183 /* FoundationalFoodData.json */,
				0FCCAFAD2C391BF000F7D183 /* Assets.xcassets */,
				0FCCAFAF2C391BF000F7D183 /* Preview Content */,
			);
			path = TempleDiagnostics;
			sourceTree = "<group>";
		};
		0FCCAFAF2C391BF000F7D183 /* Preview Content */ = {
			isa = PBXGroup;
			children = (
				0FCCAFB02C391BF000F7D183 /* Preview Assets.xcassets */,
			);
			path = "Preview Content";
			sourceTree = "<group>";
		};
/* End PBXGroup section */

/* Begin PBXNativeTarget section */
		0FCCAFA52C391BEB00F7D183 /* TempleDiagnostics */ = {
			isa = PBXNativeTarget;
			buildConfigurationList = 0FCCAFB42C391BF000F7D183 /* Build configuration list for PBXNativeTarget "TempleDiagnostics" */;
			buildPhases = (
				0FCCAFA22C391BEB00F7D183 /* Sources */,
				0FCCAFA32C391BEB00F7D183 /* Frameworks */,
				0FCCAFA42C391BEB00F7D183 /* Resources */,
			);
			buildRules = (
			);
			dependencies = (
			);
			name = TempleDiagnostics;
			productName = TempleDiagnostics;
			productReference = 0FCCAFA62C391BEB00F7D183 /* TempleDiagnostics.app */;
			productType = "com.apple.product-type.application";
		};
/* End PBXNativeTarget section */

/* Begin PBXProject section */
		0FCCAF9E2C391BEB00F7D183 /* Project object */ = {
			isa = PBXProject;
			attributes = {
				BuildIndependentTargetsInParallel = 1;
				LastSwiftUpdateCheck = 1540;
				LastUpgradeCheck = 1540;
				TargetAttributes = {
					0FCCAFA52C391BEB00F7D183 = {
						CreatedOnToolsVersion = 15.4;
					};
				};
			};
			buildConfigurationList = 0FCCAFA12C391BEB00F7D183 /* Build configuration list for PBXProject "TempleDiagnostics" */;
			compatibilityVersion = "Xcode 14.0";
			developmentRegion = en;
			hasScannedForEncodings = 0;
			knownRegions = (
				en,
				Base,
			);
			mainGroup = 0FCCAF9D2C391BEB00F7D183;
			productRefGroup = 0FCCAFA72C391BEB00F7D183 /* Products */;
			projectDirPath = "";
			projectRoot = "";
			targets = (
				0FCCAFA52C391BEB00F7D183 /* TempleDiagnostics */,
			);
		};
/* End PBXProject section */

/* Begin PBXResourcesBuildPhase section */
		0FCCAFA42C391BEB00F7D183 /* Resources */ = {
			isa = PBXResourcesBuildPhase;
			buildActionMask = 2147483647;
			files = (
				0FCCAFB12C391BF000F7D183 /* Preview Assets.xcassets in Resources */,
				0FCCAFAE2C391BF000F7D183 /* Assets.xcassets in Resources */,
				0FCCAFD62C391E7700F7D183 /* FoundationalFoodData.json in Resources */,
			);
			runOnlyForDeploymentPostprocessing = 0;
		};
/* End PBXResourcesBuildPhase section */

/* Begin PBXSourcesBuildPhase section */
		0FCCAFA22C391BEB00F7D183 /* Sources */ = {
			isa = PBXSourcesBuildPhase;
			buildActionMask = 2147483647;
			files = (
				0FCCAFCE2C391DA500F7D183 /* TextRecognitionManager.swift in Sources */,
				0FCCAFC62C391D3400F7D183 /* MenuController.swift in Sources */,
				0FCCAFB82C391C3F00F7D183 /* CameraController.swift in Sources */,
				0FCCAFBA2C391C6600F7D183 /* CameraControllerDelegate.swift in Sources */,
				0FCCAFAC2C391BEB00F7D183 /* ContentView.swift in Sources */,
				0FCCAFCC2C391D8900F7D183 /* StringSimilarity.swift in Sources */,
				0FCCAFC02C391CD500F7D183 /* DietReccomendation.swift in Sources */,
				0FCCAFBE2C391CAB00F7D183 /* CameraView.swift in Sources */,
				0FCCAFC42C391D1A00F7D183 /* JSONTestView.swift in Sources */,
				0FCCAFC22C391CF200F7D183 /* FileManagerHelper.swift in Sources */,
				0FCCAFD02C391DBB00F7D183 /* UserPreferences.swift in Sources */,
				0FCCAFD22C391DD800F7D183 /* Models.swift in Sources */,
				0FCCAFC82C391D4F00F7D183 /* OverlayManager.swift in Sources */,
				0FCCAFCA2C391D6800F7D183 /* OverlayView.swift in Sources */,
				0FCCAFAA2C391BEB00F7D183 /* TempleDiagnosticsApp.swift in Sources */,
				0FCCAFBC2C391C8C00F7D183 /* CameraOverlayView.swift in Sources */,
			);
			runOnlyForDeploymentPostprocessing = 0;
		};
/* End PBXSourcesBuildPhase section */

/* Begin XCBuildConfiguration section */
		0FCCAFB22C391BF000F7D183 /* Debug */ = {
			isa = XCBuildConfiguration;
			buildSettings = {
				ALWAYS_SEARCH_USER_PATHS = NO;
				ASSETCATALOG_COMPILER_GENERATE_SWIFT_ASSET_SYMBOL_EXTENSIONS = YES;
				CLANG_ANALYZER_NONNULL = YES;
				CLANG_ANALYZER_NUMBER_OBJECT_CONVERSION = YES_AGGRESSIVE;
				CLANG_CXX_LANGUAGE_STANDARD = "gnu++20";
				CLANG_ENABLE_MODULES = YES;
				CLANG_ENABLE_OBJC_ARC = YES;
				CLANG_ENABLE_OBJC_WEAK = YES;
				CLANG_WARN_BLOCK_CAPTURE_AUTORELEASING = YES;
				CLANG_WARN_BOOL_CONVERSION = YES;
				CLANG_WARN_COMMA = YES;
				CLANG_WARN_CONSTANT_CONVERSION = YES;
				CLANG_WARN_DEPRECATED_OBJC_IMPLEMENTATIONS = YES;
				CLANG_WARN_DIRECT_OBJC_ISA_USAGE = YES_ERROR;
				CLANG_WARN_DOCUMENTATION_COMMENTS = YES;
				CLANG_WARN_EMPTY_BODY = YES;
				CLANG_WARN_ENUM_CONVERSION = YES;
				CLANG_WARN_INFINITE_RECURSION = YES;
				CLANG_WARN_INT_CONVERSION = YES;
				CLANG_WARN_NON_LITERAL_NULL_CONVERSION = YES;
				CLANG_WARN_OBJC_IMPLICIT_RETAIN_SELF = YES;
				CLANG_WARN_OBJC_LITERAL_CONVERSION = YES;
				CLANG_WARN_OBJC_ROOT_CLASS = YES_ERROR;
				CLANG_WARN_QUOTED_INCLUDE_IN_FRAMEWORK_HEADER = YES;
				CLANG_WARN_RANGE_LOOP_ANALYSIS = YES;
				CLANG_WARN_STRICT_PROTOTYPES = YES;
				CLANG_WARN_SUSPICIOUS_MOVE = YES;
				CLANG_WARN_UNGUARDED_AVAILABILITY = YES_AGGRESSIVE;
				CLANG_WARN_UNREACHABLE_CODE = YES;
				CLANG_WARN__DUPLICATE_METHOD_MATCH = YES;
				COPY_PHASE_STRIP = NO;
				DEBUG_INFORMATION_FORMAT = dwarf;
				ENABLE_STRICT_OBJC_MSGSEND = YES;
				ENABLE_TESTABILITY = YES;
				ENABLE_USER_SCRIPT_SANDBOXING = YES;
				GCC_C_LANGUAGE_STANDARD = gnu17;
				GCC_DYNAMIC_NO_PIC = NO;
				GCC_NO_COMMON_BLOCKS = YES;
				GCC_OPTIMIZATION_LEVEL = 0;
				GCC_PREPROCESSOR_DEFINITIONS = (
					"DEBUG=1",
					"$(inherited)",
				);
				GCC_WARN_64_TO_32_BIT_CONVERSION = YES;
				GCC_WARN_ABOUT_RETURN_TYPE = YES_ERROR;
				GCC_WARN_UNDECLARED_SELECTOR = YES;
				GCC_WARN_UNINITIALIZED_AUTOS = YES_AGGRESSIVE;
				GCC_WARN_UNUSED_FUNCTION = YES;
				GCC_WARN_UNUSED_VARIABLE = YES;
				IPHONEOS_DEPLOYMENT_TARGET = 17.5;
				LOCALIZATION_PREFERS_STRING_CATALOGS = YES;
				MTL_ENABLE_DEBUG_INFO = INCLUDE_SOURCE;
				MTL_FAST_MATH = YES;
				ONLY_ACTIVE_ARCH = YES;
				SDKROOT = iphoneos;
				SWIFT_ACTIVE_COMPILATION_CONDITIONS = "DEBUG $(inherited)";
				SWIFT_OPTIMIZATION_LEVEL = "-Onone";
			};
			name = Debug;
		};
		0FCCAFB32C391BF000F7D183 /* Release */ = {
			isa = XCBuildConfiguration;
			buildSettings = {
				ALWAYS_SEARCH_USER_PATHS = NO;
				ASSETCATALOG_COMPILER_GENERATE_SWIFT_ASSET_SYMBOL_EXTENSIONS = YES;
				CLANG_ANALYZER_NONNULL = YES;
				CLANG_ANALYZER_NUMBER_OBJECT_CONVERSION = YES_AGGRESSIVE;
				CLANG_CXX_LANGUAGE_STANDARD = "gnu++20";
				CLANG_ENABLE_MODULES = YES;
				CLANG_ENABLE_OBJC_ARC = YES;
				CLANG_ENABLE_OBJC_WEAK = YES;
				CLANG_WARN_BLOCK_CAPTURE_AUTORELEASING = YES;
				CLANG_WARN_BOOL_CONVERSION = YES;
				CLANG_WARN_COMMA = YES;
				CLANG_WARN_CONSTANT_CONVERSION = YES;
				CLANG_WARN_DEPRECATED_OBJC_IMPLEMENTATIONS = YES;
				CLANG_WARN_DIRECT_OBJC_ISA_USAGE = YES_ERROR;
				CLANG_WARN_DOCUMENTATION_COMMENTS = YES;
				CLANG_WARN_EMPTY_BODY = YES;
				CLANG_WARN_ENUM_CONVERSION = YES;
				CLANG_WARN_INFINITE_RECURSION = YES;
				CLANG_WARN_INT_CONVERSION = YES;
				CLANG_WARN_NON_LITERAL_NULL_CONVERSION = YES;
				CLANG_WARN_OBJC_IMPLICIT_RETAIN_SELF = YES;
				CLANG_WARN_OBJC_LITERAL_CONVERSION = YES;
				CLANG_WARN_OBJC_ROOT_CLASS = YES_ERROR;
				CLANG_WARN_QUOTED_INCLUDE_IN_FRAMEWORK_HEADER = YES;
				CLANG_WARN_RANGE_LOOP_ANALYSIS = YES;
				CLANG_WARN_STRICT_PROTOTYPES = YES;
				CLANG_WARN_SUSPICIOUS_MOVE = YES;
				CLANG_WARN_UNGUARDED_AVAILABILITY = YES_AGGRESSIVE;
				CLANG_WARN_UNREACHABLE_CODE = YES;
				CLANG_WARN__DUPLICATE_METHOD_MATCH = YES;
				COPY_PHASE_STRIP = NO;
				DEBUG_INFORMATION_FORMAT = "dwarf-with-dsym";
				ENABLE_NS_ASSERTIONS = NO;
				ENABLE_STRICT_OBJC_MSGSEND = YES;
				ENABLE_USER_SCRIPT_SANDBOXING = YES;
				GCC_C_LANGUAGE_STANDARD = gnu17;
				GCC_NO_COMMON_BLOCKS = YES;
				GCC_WARN_64_TO_32_BIT_CONVERSION = YES;
				GCC_WARN_ABOUT_RETURN_TYPE = YES_ERROR;
				GCC_WARN_UNDECLARED_SELECTOR = YES;
				GCC_WARN_UNINITIALIZED_AUTOS = YES_AGGRESSIVE;
				GCC_WARN_UNUSED_FUNCTION = YES;
				GCC_WARN_UNUSED_VARIABLE = YES;
				IPHONEOS_DEPLOYMENT_TARGET = 17.5;
				LOCALIZATION_PREFERS_STRING_CATALOGS = YES;
				MTL_ENABLE_DEBUG_INFO = NO;
				MTL_FAST_MATH = YES;
				SDKROOT = iphoneos;
				SWIFT_COMPILATION_MODE = wholemodule;
				VALIDATE_PRODUCT = YES;
			};
			name = Release;
		};
		0FCCAFB52C391BF000F7D183 /* Debug */ = {
			isa = XCBuildConfiguration;
			buildSettings = {
				ASSETCATALOG_COMPILER_APPICON_NAME = AppIcon;
				ASSETCATALOG_COMPILER_GLOBAL_ACCENT_COLOR_NAME = AccentColor;
				CODE_SIGN_STYLE = Automatic;
				CURRENT_PROJECT_VERSION = 1;
				DEVELOPMENT_ASSET_PATHS = "\"TempleDiagnostics/Preview Content\"";
				DEVELOPMENT_TEAM = 28X6FD36U7;
				ENABLE_PREVIEWS = YES;
				GENERATE_INFOPLIST_FILE = YES;
				INFOPLIST_KEY_UIApplicationSceneManifest_Generation = YES;
				INFOPLIST_KEY_UIApplicationSupportsIndirectInputEvents = YES;
				INFOPLIST_KEY_UILaunchScreen_Generation = YES;
				INFOPLIST_KEY_UISupportedInterfaceOrientations_iPad = "UIInterfaceOrientationPortrait UIInterfaceOrientationPortraitUpsideDown UIInterfaceOrientationLandscapeLeft UIInterfaceOrientationLandscapeRight";
				INFOPLIST_KEY_UISupportedInterfaceOrientations_iPhone = "UIInterfaceOrientationPortrait UIInterfaceOrientationLandscapeLeft UIInterfaceOrientationLandscapeRight";
				LD_RUNPATH_SEARCH_PATHS = (
					"$(inherited)",
					"@executable_path/Frameworks",
				);
				MARKETING_VERSION = 1.0;
				PRODUCT_BUNDLE_IDENTIFIER = com.david.TempleDiagnostics;
				PRODUCT_NAME = "$(TARGET_NAME)";
				SWIFT_EMIT_LOC_STRINGS = YES;
				SWIFT_VERSION = 5.0;
				TARGETED_DEVICE_FAMILY = "1,2";
			};
			name = Debug;
		};
		0FCCAFB62C391BF000F7D183 /* Release */ = {
			isa = XCBuildConfiguration;
			buildSettings = {
				ASSETCATALOG_COMPILER_APPICON_NAME = AppIcon;
				ASSETCATALOG_COMPILER_GLOBAL_ACCENT_COLOR_NAME = AccentColor;
				CODE_SIGN_STYLE = Automatic;
				CURRENT_PROJECT_VERSION = 1;
				DEVELOPMENT_ASSET_PATHS = "\"TempleDiagnostics/Preview Content\"";
				DEVELOPMENT_TEAM = 28X6FD36U7;
				ENABLE_PREVIEWS = YES;
				GENERATE_INFOPLIST_FILE = YES;
				INFOPLIST_KEY_UIApplicationSceneManifest_Generation = YES;
				INFOPLIST_KEY_UIApplicationSupportsIndirectInputEvents = YES;
				INFOPLIST_KEY_UILaunchScreen_Generation = YES;
				INFOPLIST_KEY_UISupportedInterfaceOrientations_iPad = "UIInterfaceOrientationPortrait UIInterfaceOrientationPortraitUpsideDown UIInterfaceOrientationLandscapeLeft UIInterfaceOrientationLandscapeRight";
				INFOPLIST_KEY_UISupportedInterfaceOrientations_iPhone = "UIInterfaceOrientationPortrait UIInterfaceOrientationLandscapeLeft UIInterfaceOrientationLandscapeRight";
				LD_RUNPATH_SEARCH_PATHS = (
					"$(inherited)",
					"@executable_path/Frameworks",
				);
				MARKETING_VERSION = 1.0;
				PRODUCT_BUNDLE_IDENTIFIER = com.david.TempleDiagnostics;
				PRODUCT_NAME = "$(TARGET_NAME)";
				SWIFT_EMIT_LOC_STRINGS = YES;
				SWIFT_VERSION = 5.0;
				TARGETED_DEVICE_FAMILY = "1,2";
			};
			name = Release;
		};
/* End XCBuildConfiguration section */

/* Begin XCConfigurationList section */
		0FCCAFA12C391BEB00F7D183 /* Build configuration list for PBXProject "TempleDiagnostics" */ = {
			isa = XCConfigurationList;
			buildConfigurations = (
				0FCCAFB22C391BF000F7D183 /* Debug */,
				0FCCAFB32C391BF000F7D183 /* Release */,
			);
			defaultConfigurationIsVisible = 0;
			defaultConfigurationName = Release;
		};
		0FCCAFB42C391BF000F7D183 /* Build configuration list for PBXNativeTarget "TempleDiagnostics" */ = {
			isa = XCConfigurationList;
			buildConfigurations = (
				0FCCAFB52C391BF000F7D183 /* Debug */,
				0FCCAFB62C391BF000F7D183 /* Release */,
			);
			defaultConfigurationIsVisible = 0;
			defaultConfigurationName = Release;
		};
/* End XCConfigurationList section */
	};
	rootObject = 0FCCAF9E2C391BEB00F7D183 /* Project object */;
}
